// !$*UTF8*$!
{
	archiveVersion = 1;
	classes = {
	};
	objectVersion = 55;
	objects = {

/* Begin PBXBuildFile section */
		00A3E04E28F6E04F00989047 /* ChatPanel_SwiftUIApp.swift in Sources */ = {isa = PBXBuildFile; fileRef = 00A3E04D28F6E04F00989047 /* ChatPanel_SwiftUIApp.swift */; };
		00A3E05028F6E04F00989047 /* ContentView.swift in Sources */ = {isa = PBXBuildFile; fileRef = 00A3E04F28F6E04F00989047 /* ContentView.swift */; };
		00A3E05228F6E05000989047 /* Assets.xcassets in Resources */ = {isa = PBXBuildFile; fileRef = 00A3E05128F6E05000989047 /* Assets.xcassets */; };
		0DAAED4E29AE6B71002BAAA1 /* AircoreChatPanel in Frameworks */ = {isa = PBXBuildFile; productRef = 0DAAED4D29AE6B71002BAAA1 /* AircoreChatPanel */; };
/* End PBXBuildFile section */

/* Begin PBXFileReference section */
		00A3E04A28F6E04F00989047 /* ChatPanel-SwiftUI.app */ = {isa = PBXFileReference; explicitFileType = wrapper.application; includeInIndex = 0; path = "ChatPanel-SwiftUI.app"; sourceTree = BUILT_PRODUCTS_DIR; };
		00A3E04D28F6E04F00989047 /* ChatPanel_SwiftUIApp.swift */ = {isa = PBXFileReference; lastKnownFileType = sourcecode.swift; path = ChatPanel_SwiftUIApp.swift; sourceTree = "<group>"; };
		00A3E04F28F6E04F00989047 /* ContentView.swift */ = {isa = PBXFileReference; lastKnownFileType = sourcecode.swift; path = ContentView.swift; sourceTree = "<group>"; };
		00A3E05128F6E05000989047 /* Assets.xcassets */ = {isa = PBXFileReference; lastKnownFileType = folder.assetcatalog; path = Assets.xcassets; sourceTree = "<group>"; };
		0D8773F329A7E96900B90027 /* AircoreChatPanel */ = {isa = PBXFileReference; lastKnownFileType = wrapper; name = AircoreChatPanel; path = ../../../../../../Downloads/AircoreChatPanel; sourceTree = "<group>"; };
		2762E2992948D72700ADEE61 /* Info.plist */ = {isa = PBXFileReference; lastKnownFileType = text.plist; path = Info.plist; sourceTree = "<group>"; };
/* End PBXFileReference section */

/* Begin PBXFrameworksBuildPhase section */
		00A3E04728F6E04F00989047 /* Frameworks */ = {
			isa = PBXFrameworksBuildPhase;
			buildActionMask = 2147483647;
			files = (
				0DAAED4E29AE6B71002BAAA1 /* AircoreChatPanel in Frameworks */,
			);
			runOnlyForDeploymentPostprocessing = 0;
		};
/* End PBXFrameworksBuildPhase section */

/* Begin PBXGroup section */
		00A3E04128F6E04F00989047 = {
			isa = PBXGroup;
			children = (
				0D8773F229A7E96900B90027 /* Packages */,
				00A3E04C28F6E04F00989047 /* ChatPanel-SwiftUI */,
				00A3E04B28F6E04F00989047 /* Products */,
				0D8773F429A7E99D00B90027 /* Frameworks */,
			);
			sourceTree = "<group>";
		};
		00A3E04B28F6E04F00989047 /* Products */ = {
			isa = PBXGroup;
			children = (
				00A3E04A28F6E04F00989047 /* ChatPanel-SwiftUI.app */,
			);
			name = Products;
			sourceTree = "<group>";
		};
		00A3E04C28F6E04F00989047 /* ChatPanel-SwiftUI */ = {
			isa = PBXGroup;
			children = (
				2762E2992948D72700ADEE61 /* Info.plist */,
				00A3E04D28F6E04F00989047 /* ChatPanel_SwiftUIApp.swift */,
				00A3E04F28F6E04F00989047 /* ContentView.swift */,
				00A3E05128F6E05000989047 /* Assets.xcassets */,
			);
			path = "ChatPanel-SwiftUI";
			sourceTree = "<group>";
		};
		0D8773F229A7E96900B90027 /* Packages */ = {
			isa = PBXGroup;
			children = (
				0D8773F329A7E96900B90027 /* AircoreChatPanel */,
			);
			name = Packages;
			sourceTree = "<group>";
		};
		0D8773F429A7E99D00B90027 /* Frameworks */ = {
			isa = PBXGroup;
			children = (
			);
			name = Frameworks;
			sourceTree = "<group>";
		};
/* End PBXGroup section */

/* Begin PBXNativeTarget section */
		00A3E04928F6E04F00989047 /* ChatPanel-SwiftUI */ = {
			isa = PBXNativeTarget;
			buildConfigurationList = 00A3E05828F6E05000989047 /* Build configuration list for PBXNativeTarget "ChatPanel-SwiftUI" */;
			buildPhases = (
				00A3E04628F6E04F00989047 /* Sources */,
				00A3E04728F6E04F00989047 /* Frameworks */,
				00A3E04828F6E04F00989047 /* Resources */,
			);
			buildRules = (
			);
			dependencies = (
			);
			name = "ChatPanel-SwiftUI";
			packageProductDependencies = (
				0DAAED4D29AE6B71002BAAA1 /* AircoreChatPanel */,
			);
			productName = "MediaPanel-SwiftUI";
			productReference = 00A3E04A28F6E04F00989047 /* ChatPanel-SwiftUI.app */;
			productType = "com.apple.product-type.application";
		};
/* End PBXNativeTarget section */

/* Begin PBXProject section */
		00A3E04228F6E04F00989047 /* Project object */ = {
			isa = PBXProject;
			attributes = {
				BuildIndependentTargetsInParallel = 1;
				LastSwiftUpdateCheck = 1400;
				LastUpgradeCheck = 1400;
				TargetAttributes = {
					00A3E04928F6E04F00989047 = {
						CreatedOnToolsVersion = 14.0;
					};
				};
			};
			buildConfigurationList = 00A3E04528F6E04F00989047 /* Build configuration list for PBXProject "ChatPanel-SwiftUI" */;
			compatibilityVersion = "Xcode 13.0";
			developmentRegion = en;
			hasScannedForEncodings = 0;
			knownRegions = (
				en,
				Base,
			);
			mainGroup = 00A3E04128F6E04F00989047;
			packageReferences = (
				0DAAED4C29AE6B71002BAAA1 /* XCRemoteSwiftPackageReference "aircore-chat-panel-ios" */,
			);
			productRefGroup = 00A3E04B28F6E04F00989047 /* Products */;
			projectDirPath = "";
			projectRoot = "";
			targets = (
				00A3E04928F6E04F00989047 /* ChatPanel-SwiftUI */,
			);
		};
/* End PBXProject section */

/* Begin PBXResourcesBuildPhase section */
		00A3E04828F6E04F00989047 /* Resources */ = {
			isa = PBXResourcesBuildPhase;
			buildActionMask = 2147483647;
			files = (
				00A3E05228F6E05000989047 /* Assets.xcassets in Resources */,
			);
			runOnlyForDeploymentPostprocessing = 0;
		};
/* End PBXResourcesBuildPhase section */

/* Begin PBXSourcesBuildPhase section */
		00A3E04628F6E04F00989047 /* Sources */ = {
			isa = PBXSourcesBuildPhase;
			buildActionMask = 2147483647;
			files = (
				00A3E05028F6E04F00989047 /* ContentView.swift in Sources */,
				00A3E04E28F6E04F00989047 /* ChatPanel_SwiftUIApp.swift in Sources */,
			);
			runOnlyForDeploymentPostprocessing = 0;
		};
/* End PBXSourcesBuildPhase section */

/* Begin XCBuildConfiguration section */
		00A3E05628F6E05000989047 /* Debug */ = {
			isa = XCBuildConfiguration;
			buildSettings = {
				ALWAYS_SEARCH_USER_PATHS = NO;
				CLANG_ANALYZER_NONNULL = YES;
				CLANG_ANALYZER_NUMBER_OBJECT_CONVERSION = YES_AGGRESSIVE;
				CLANG_CXX_LANGUAGE_STANDARD = "gnu++20";
				CLANG_ENABLE_MODULES = YES;
				CLANG_ENABLE_OBJC_ARC = YES;
				CLANG_ENABLE_OBJC_WEAK = YES;
				CLANG_WARN_BLOCK_CAPTURE_AUTORELEASING = YES;
				CLANG_WARN_BOOL_CONVERSION = YES;
				CLANG_WARN_COMMA = YES;
				CLANG_WARN_CONSTANT_CONVERSION = YES;
				CLANG_WARN_DEPRECATED_OBJC_IMPLEMENTATIONS = YES;
				CLANG_WARN_DIRECT_OBJC_ISA_USAGE = YES_ERROR;
				CLANG_WARN_DOCUMENTATION_COMMENTS = YES;
				CLANG_WARN_EMPTY_BODY = YES;
				CLANG_WARN_ENUM_CONVERSION = YES;
				CLANG_WARN_INFINITE_RECURSION = YES;
				CLANG_WARN_INT_CONVERSION = YES;
				CLANG_WARN_NON_LITERAL_NULL_CONVERSION = YES;
				CLANG_WARN_OBJC_IMPLICIT_RETAIN_SELF = YES;
				CLANG_WARN_OBJC_LITERAL_CONVERSION = YES;
				CLANG_WARN_OBJC_ROOT_CLASS = YES_ERROR;
				CLANG_WARN_QUOTED_INCLUDE_IN_FRAMEWORK_HEADER = YES;
				CLANG_WARN_RANGE_LOOP_ANALYSIS = YES;
				CLANG_WARN_STRICT_PROTOTYPES = YES;
				CLANG_WARN_SUSPICIOUS_MOVE = YES;
				CLANG_WARN_UNGUARDED_AVAILABILITY = YES_AGGRESSIVE;
				CLANG_WARN_UNREACHABLE_CODE = YES;
				CLANG_WARN__DUPLICATE_METHOD_MATCH = YES;
				COPY_PHASE_STRIP = NO;
				DEBUG_INFORMATION_FORMAT = dwarf;
				ENABLE_STRICT_OBJC_MSGSEND = YES;
				ENABLE_TESTABILITY = YES;
				GCC_C_LANGUAGE_STANDARD = gnu11;
				GCC_DYNAMIC_NO_PIC = NO;
				GCC_NO_COMMON_BLOCKS = YES;
				GCC_OPTIMIZATION_LEVEL = 0;
				GCC_PREPROCESSOR_DEFINITIONS = (
					"DEBUG=1",
					"$(inherited)",
				);
				GCC_WARN_64_TO_32_BIT_CONVERSION = YES;
				GCC_WARN_ABOUT_RETURN_TYPE = YES_ERROR;
				GCC_WARN_UNDECLARED_SELECTOR = YES;
				GCC_WARN_UNINITIALIZED_AUTOS = YES_AGGRESSIVE;
				GCC_WARN_UNUSED_FUNCTION = YES;
				GCC_WARN_UNUSED_VARIABLE = YES;
				IPHONEOS_DEPLOYMENT_TARGET = 14.0;
				MTL_ENABLE_DEBUG_INFO = INCLUDE_SOURCE;
				MTL_FAST_MATH = YES;
				ONLY_ACTIVE_ARCH = YES;
				SDKROOT = iphoneos;
				SWIFT_ACTIVE_COMPILATION_CONDITIONS = DEBUG;
				SWIFT_OPTIMIZATION_LEVEL = "-Onone";
			};
			name = Debug;
		};
		00A3E05728F6E05000989047 /* Release */ = {
			isa = XCBuildConfiguration;
			buildSettings = {
				ALWAYS_SEARCH_USER_PATHS = NO;
				CLANG_ANALYZER_NONNULL = YES;
				CLANG_ANALYZER_NUMBER_OBJECT_CONVERSION = YES_AGGRESSIVE;
				CLANG_CXX_LANGUAGE_STANDARD = "gnu++20";
				CLANG_ENABLE_MODULES = YES;
				CLANG_ENABLE_OBJC_ARC = YES;
				CLANG_ENABLE_OBJC_WEAK = YES;
				CLANG_WARN_BLOCK_CAPTURE_AUTORELEASING = YES;
				CLANG_WARN_BOOL_CONVERSION = YES;
				CLANG_WARN_COMMA = YES;
				CLANG_WARN_CONSTANT_CONVERSION = YES;
				CLANG_WARN_DEPRECATED_OBJC_IMPLEMENTATIONS = YES;
				CLANG_WARN_DIRECT_OBJC_ISA_USAGE = YES_ERROR;
				CLANG_WARN_DOCUMENTATION_COMMENTS = YES;
				CLANG_WARN_EMPTY_BODY = YES;
				CLANG_WARN_ENUM_CONVERSION = YES;
				CLANG_WARN_INFINITE_RECURSION = YES;
				CLANG_WARN_INT_CONVERSION = YES;
				CLANG_WARN_NON_LITERAL_NULL_CONVERSION = YES;
				CLANG_WARN_OBJC_IMPLICIT_RETAIN_SELF = YES;
				CLANG_WARN_OBJC_LITERAL_CONVERSION = YES;
				CLANG_WARN_OBJC_ROOT_CLASS = YES_ERROR;
				CLANG_WARN_QUOTED_INCLUDE_IN_FRAMEWORK_HEADER = YES;
				CLANG_WARN_RANGE_LOOP_ANALYSIS = YES;
				CLANG_WARN_STRICT_PROTOTYPES = YES;
				CLANG_WARN_SUSPICIOUS_MOVE = YES;
				CLANG_WARN_UNGUARDED_AVAILABILITY = YES_AGGRESSIVE;
				CLANG_WARN_UNREACHABLE_CODE = YES;
				CLANG_WARN__DUPLICATE_METHOD_MATCH = YES;
				COPY_PHASE_STRIP = NO;
				DEBUG_INFORMATION_FORMAT = "dwarf-with-dsym";
				ENABLE_NS_ASSERTIONS = NO;
				ENABLE_STRICT_OBJC_MSGSEND = YES;
				GCC_C_LANGUAGE_STANDARD = gnu11;
				GCC_NO_COMMON_BLOCKS = YES;
				GCC_WARN_64_TO_32_BIT_CONVERSION = YES;
				GCC_WARN_ABOUT_RETURN_TYPE = YES_ERROR;
				GCC_WARN_UNDECLARED_SELECTOR = YES;
				GCC_WARN_UNINITIALIZED_AUTOS = YES_AGGRESSIVE;
				GCC_WARN_UNUSED_FUNCTION = YES;
				GCC_WARN_UNUSED_VARIABLE = YES;
				IPHONEOS_DEPLOYMENT_TARGET = 14.0;
				MTL_ENABLE_DEBUG_INFO = NO;
				MTL_FAST_MATH = YES;
				SDKROOT = iphoneos;
				SWIFT_COMPILATION_MODE = wholemodule;
				SWIFT_OPTIMIZATION_LEVEL = "-O";
				VALIDATE_PRODUCT = YES;
			};
			name = Release;
		};
		00A3E05928F6E05000989047 /* Debug */ = {
			isa = XCBuildConfiguration;
			buildSettings = {
				ASSETCATALOG_COMPILER_APPICON_NAME = AppIcon;
				ASSETCATALOG_COMPILER_GLOBAL_ACCENT_COLOR_NAME = AccentColor;
				CODE_SIGN_STYLE = Manual;
				CURRENT_PROJECT_VERSION = 1;
				DEVELOPMENT_TEAM = "";
				ENABLE_BITCODE = NO;
				ENABLE_PREVIEWS = YES;
				GENERATE_INFOPLIST_FILE = YES;
				INFOPLIST_FILE = "ChatPanel-SwiftUI/Info.plist";
				INFOPLIST_KEY_CFBundleDisplayName = SwiftUI;
				INFOPLIST_KEY_NSMicrophoneUsageDescription = "This app needs access to your microphone";
				INFOPLIST_KEY_UIApplicationSceneManifest_Generation = YES;
				INFOPLIST_KEY_UIApplicationSupportsIndirectInputEvents = YES;
				INFOPLIST_KEY_UILaunchScreen_Generation = YES;
				INFOPLIST_KEY_UISupportedInterfaceOrientations_iPad = "UIInterfaceOrientationPortrait UIInterfaceOrientationPortraitUpsideDown UIInterfaceOrientationLandscapeLeft UIInterfaceOrientationLandscapeRight";
				INFOPLIST_KEY_UISupportedInterfaceOrientations_iPhone = "UIInterfaceOrientationPortrait UIInterfaceOrientationLandscapeLeft UIInterfaceOrientationLandscapeRight";
				IPHONEOS_DEPLOYMENT_TARGET = 14.0;
				LD_RUNPATH_SEARCH_PATHS = (
					"$(inherited)",
					"@executable_path/Frameworks",
				);
				MARKETING_VERSION = 2.0.1;
				PRODUCT_BUNDLE_IDENTIFIER = "io.aircore.ChatPanel-SwiftUI";
				PRODUCT_NAME = "$(TARGET_NAME)";
				PROVISIONING_PROFILE_SPECIFIER = "";
				SWIFT_EMIT_LOC_STRINGS = YES;
				SWIFT_VERSION = 5.0;
				TARGETED_DEVICE_FAMILY = "1,2";
			};
			name = Debug;
		};
		00A3E05A28F6E05000989047 /* Release */ = {
			isa = XCBuildConfiguration;
			buildSettings = {
				ASSETCATALOG_COMPILER_APPICON_NAME = AppIcon;
				ASSETCATALOG_COMPILER_GLOBAL_ACCENT_COLOR_NAME = AccentColor;
				CODE_SIGN_STYLE = Manual;
				CURRENT_PROJECT_VERSION = 1;
				DEVELOPMENT_TEAM = "";
				ENABLE_BITCODE = NO;
				ENABLE_PREVIEWS = YES;
				GENERATE_INFOPLIST_FILE = YES;
				INFOPLIST_FILE = "ChatPanel-SwiftUI/Info.plist";
				INFOPLIST_KEY_CFBundleDisplayName = SwiftUI;
				INFOPLIST_KEY_NSMicrophoneUsageDescription = "This app needs access to your microphone";
				INFOPLIST_KEY_UIApplicationSceneManifest_Generation = YES;
				INFOPLIST_KEY_UIApplicationSupportsIndirectInputEvents = YES;
				INFOPLIST_KEY_UILaunchScreen_Generation = YES;
				INFOPLIST_KEY_UISupportedInterfaceOrientations_iPad = "UIInterfaceOrientationPortrait UIInterfaceOrientationPortraitUpsideDown UIInterfaceOrientationLandscapeLeft UIInterfaceOrientationLandscapeRight";
				INFOPLIST_KEY_UISupportedInterfaceOrientations_iPhone = "UIInterfaceOrientationPortrait UIInterfaceOrientationLandscapeLeft UIInterfaceOrientationLandscapeRight";
				IPHONEOS_DEPLOYMENT_TARGET = 14.0;
				LD_RUNPATH_SEARCH_PATHS = (
					"$(inherited)",
					"@executable_path/Frameworks",
				);
				MARKETING_VERSION = 2.0.1;
				PRODUCT_BUNDLE_IDENTIFIER = "io.aircore.ChatPanel-SwiftUI";
				PRODUCT_NAME = "$(TARGET_NAME)";
				PROVISIONING_PROFILE_SPECIFIER = "";
				SWIFT_EMIT_LOC_STRINGS = YES;
				SWIFT_VERSION = 5.0;
				TARGETED_DEVICE_FAMILY = "1,2";
			};
			name = Release;
		};
/* End XCBuildConfiguration section */

/* Begin XCConfigurationList section */
		00A3E04528F6E04F00989047 /* Build configuration list for PBXProject "ChatPanel-SwiftUI" */ = {
			isa = XCConfigurationList;
			buildConfigurations = (
				00A3E05628F6E05000989047 /* Debug */,
				00A3E05728F6E05000989047 /* Release */,
			);
			defaultConfigurationIsVisible = 0;
			defaultConfigurationName = Release;
		};
		00A3E05828F6E05000989047 /* Build configuration list for PBXNativeTarget "ChatPanel-SwiftUI" */ = {
			isa = XCConfigurationList;
			buildConfigurations = (
				00A3E05928F6E05000989047 /* Debug */,
				00A3E05A28F6E05000989047 /* Release */,
			);
			defaultConfigurationIsVisible = 0;
			defaultConfigurationName = Release;
		};
/* End XCConfigurationList section */

/* Begin XCRemoteSwiftPackageReference section */
		0DAAED4C29AE6B71002BAAA1 /* XCRemoteSwiftPackageReference "aircore-chat-panel-ios" */ = {
			isa = XCRemoteSwiftPackageReference;
			repositoryURL = "https://github.com/aircoreio/aircore-chat-panel-ios";
			requirement = {
				branch = main;
				kind = branch;
			};
		};
/* End XCRemoteSwiftPackageReference section */

/* Begin XCSwiftPackageProductDependency section */
		0DAAED4D29AE6B71002BAAA1 /* AircoreChatPanel */ = {
			isa = XCSwiftPackageProductDependency;
			package = 0DAAED4C29AE6B71002BAAA1 /* XCRemoteSwiftPackageReference "aircore-chat-panel-ios" */;
			productName = AircoreChatPanel;
		};
/* End XCSwiftPackageProductDependency section */
	};
	rootObject = 00A3E04228F6E04F00989047 /* Project object */;
}
